
Microsoft Visual Studio Solution File, Format Version 12.00
# Visual Studio Version 17
VisualStudioVersion = 17.5.002.0
MinimumVisualStudioVersion = 10.0.40219.1
Project("{9A19103F-16F7-4668-BE54-9A1E7A4F7556}") = "MonitorEventViewer", "MonitorEventViewer.csproj", "{BCE8BC7B-0C22-4F5C-8218-6858E8695782}"
EndProject
Global
	GlobalSection(SolutionConfigurationPlatforms) = preSolution
		Debug|Any CPU = Debug|Any CPU
		Release|Any CPU = Release|Any CPU
	EndGlobalSection
	GlobalSection(ProjectConfigurationPlatforms) = postSolution
		{BCE8BC7B-0C22-4F5C-8218-6858E8695782}.Debug|Any CPU.ActiveCfg = Debug|Any CPU
		{BCE8BC7B-0C22-4F5C-8218-6858E8695782}.Debug|Any CPU.Build.0 = Debug|Any CPU
		{BCE8BC7B-0C22-4F5C-8218-6858E8695782}.Release|Any CPU.ActiveCfg = Release|Any CPU
		{BCE8BC7B-0C22-4F5C-8218-6858E8695782}.Release|Any CPU.Build.0 = Release|Any CPU
	EndGlobalSection
	GlobalSection(SolutionProperties) = preSolution
		HideSolutionNode = FALSE
	EndGlobalSection
	GlobalSection(ExtensibilityGlobals) = postSolution
		SolutionGuid = {10638E38-1CAD-421A-A112-F20D926F25C0}
	EndGlobalSection
EndGlobal
